
Microsoft Visual Studio Solution File, Format Version 12.00
# Visual Studio 2012
Project("{FAE04EC0-301F-11D3-BF4B-00C04F79EFBC}") = "InversionOfControll.App", "InversionOfControll.App\InversionOfControll.App.csproj", "{B9219F2C-2042-45B8-A055-EDCC83F6CD6D}"
EndProject
Global
	GlobalSection(SolutionConfigurationPlatforms) = preSolution
		Debug|Any CPU = Debug|Any CPU
		Release|Any CPU = Release|Any CPU
	EndGlobalSection
	GlobalSection(ProjectConfigurationPlatforms) = postSolution
		{B9219F2C-2042-45B8-A055-EDCC83F6CD6D}.Debug|Any CPU.ActiveCfg = Debug|Any CPU
		{B9219F2C-2042-45B8-A055-EDCC83F6CD6D}.Debug|Any CPU.Build.0 = Debug|Any CPU
		{B9219F2C-2042-45B8-A055-EDCC83F6CD6D}.Release|Any CPU.ActiveCfg = Release|Any CPU
		{B9219F2C-2042-45B8-A055-EDCC83F6CD6D}.Release|Any CPU.Build.0 = Release|Any CPU
	EndGlobalSection
	GlobalSection(SolutionProperties) = preSolution
		HideSolutionNode = FALSE
	EndGlobalSection
EndGlobal
